
Microsoft Visual Studio Solution File, Format Version 12.00
# Visual Studio Version 17
VisualStudioVersion = 17.9.34728.123
MinimumVisualStudioVersion = 10.0.40219.1
Project("{FAE04EC0-301F-11D3-BF4B-00C04F79EFBC}") = "SSrTest1", "SSrTest1\SSrTest1.csproj", "{C5C96A96-6250-4D50-8A73-FD1149795FA2}"
EndProject
Global
	GlobalSection(SolutionConfigurationPlatforms) = preSolution
		Debug|Any CPU = Debug|Any CPU
		Release|Any CPU = Release|Any CPU
	EndGlobalSection
	GlobalSection(ProjectConfigurationPlatforms) = postSolution
		{C5C96A96-6250-4D50-8A73-FD1149795FA2}.Debug|Any CPU.ActiveCfg = Debug|Any CPU
		{C5C96A96-6250-4D50-8A73-FD1149795FA2}.Debug|Any CPU.Build.0 = Debug|Any CPU
		{C5C96A96-6250-4D50-8A73-FD1149795FA2}.Release|Any CPU.ActiveCfg = Release|Any CPU
		{C5C96A96-6250-4D50-8A73-FD1149795FA2}.Release|Any CPU.Build.0 = Release|Any CPU
	EndGlobalSection
	GlobalSection(SolutionProperties) = preSolution
		HideSolutionNode = FALSE
	EndGlobalSection
	GlobalSection(ExtensibilityGlobals) = postSolution
		SolutionGuid = {65EB194A-C313-4DAC-9CB1-2664BAC2D23D}
	EndGlobalSection
EndGlobal
